
Microsoft Visual Studio Solution File, Format Version 12.00
# Visual Studio 2012
Project("{FAE04EC0-301F-11D3-BF4B-00C04F79EFBC}") = "BuhLib", "BuhLib.csproj", "{39E74220-8FE0-43E1-81F1-41BA18E852FD}"
EndProject
Project("{FAE04EC0-301F-11D3-BF4B-00C04F79EFBC}") = "BuhLibTest", "..\BuhLibTest\BuhLibTest.csproj", "{CDA6F1FB-D100-4F0D-B282-8949155AA4D9}"
EndProject
Global
	GlobalSection(SolutionConfigurationPlatforms) = preSolution
		Debug|Any CPU = Debug|Any CPU
		Debug|ARM = Debug|ARM
		Debug|x64 = Debug|x64
		Debug|x86 = Debug|x86
		Release|Any CPU = Release|Any CPU
		Release|ARM = Release|ARM
		Release|x64 = Release|x64
		Release|x86 = Release|x86
	EndGlobalSection
	GlobalSection(ProjectConfigurationPlatforms) = postSolution
		{39E74220-8FE0-43E1-81F1-41BA18E852FD}.Debug|Any CPU.ActiveCfg = Debug|x86
		{39E74220-8FE0-43E1-81F1-41BA18E852FD}.Debug|Any CPU.Build.0 = Debug|x86
		{39E74220-8FE0-43E1-81F1-41BA18E852FD}.Debug|ARM.ActiveCfg = Debug|ARM
		{39E74220-8FE0-43E1-81F1-41BA18E852FD}.Debug|ARM.Build.0 = Debug|ARM
		{39E74220-8FE0-43E1-81F1-41BA18E852FD}.Debug|x64.ActiveCfg = Debug|x64
		{39E74220-8FE0-43E1-81F1-41BA18E852FD}.Debug|x64.Build.0 = Debug|x64
		{39E74220-8FE0-43E1-81F1-41BA18E852FD}.Debug|x86.ActiveCfg = Debug|x86
		{39E74220-8FE0-43E1-81F1-41BA18E852FD}.Debug|x86.Build.0 = Debug|x86
		{39E74220-8FE0-43E1-81F1-41BA18E852FD}.Release|Any CPU.ActiveCfg = Release|Any CPU
		{39E74220-8FE0-43E1-81F1-41BA18E852FD}.Release|Any CPU.Build.0 = Release|Any CPU
		{39E74220-8FE0-43E1-81F1-41BA18E852FD}.Release|ARM.ActiveCfg = Release|ARM
		{39E74220-8FE0-43E1-81F1-41BA18E852FD}.Release|ARM.Build.0 = Release|ARM
		{39E74220-8FE0-43E1-81F1-41BA18E852FD}.Release|x64.ActiveCfg = Release|x64
		{39E74220-8FE0-43E1-81F1-41BA18E852FD}.Release|x64.Build.0 = Release|x64
		{39E74220-8FE0-43E1-81F1-41BA18E852FD}.Release|x86.ActiveCfg = Release|x86
		{39E74220-8FE0-43E1-81F1-41BA18E852FD}.Release|x86.Build.0 = Release|x86
		{CDA6F1FB-D100-4F0D-B282-8949155AA4D9}.Debug|Any CPU.ActiveCfg = Debug|Any CPU
		{CDA6F1FB-D100-4F0D-B282-8949155AA4D9}.Debug|Any CPU.Build.0 = Debug|Any CPU
		{CDA6F1FB-D100-4F0D-B282-8949155AA4D9}.Debug|Any CPU.Deploy.0 = Debug|Any CPU
		{CDA6F1FB-D100-4F0D-B282-8949155AA4D9}.Debug|ARM.ActiveCfg = Debug|ARM
		{CDA6F1FB-D100-4F0D-B282-8949155AA4D9}.Debug|ARM.Build.0 = Debug|ARM
		{CDA6F1FB-D100-4F0D-B282-8949155AA4D9}.Debug|ARM.Deploy.0 = Debug|ARM
		{CDA6F1FB-D100-4F0D-B282-8949155AA4D9}.Debug|x64.ActiveCfg = Debug|x64
		{CDA6F1FB-D100-4F0D-B282-8949155AA4D9}.Debug|x64.Build.0 = Debug|x64
		{CDA6F1FB-D100-4F0D-B282-8949155AA4D9}.Debug|x64.Deploy.0 = Debug|x64
		{CDA6F1FB-D100-4F0D-B282-8949155AA4D9}.Debug|x86.ActiveCfg = Debug|x86
		{CDA6F1FB-D100-4F0D-B282-8949155AA4D9}.Debug|x86.Build.0 = Debug|x86
		{CDA6F1FB-D100-4F0D-B282-8949155AA4D9}.Debug|x86.Deploy.0 = Debug|x86
		{CDA6F1FB-D100-4F0D-B282-8949155AA4D9}.Release|Any CPU.ActiveCfg = Release|Any CPU
		{CDA6F1FB-D100-4F0D-B282-8949155AA4D9}.Release|Any CPU.Build.0 = Release|Any CPU
		{CDA6F1FB-D100-4F0D-B282-8949155AA4D9}.Release|Any CPU.Deploy.0 = Release|Any CPU
		{CDA6F1FB-D100-4F0D-B282-8949155AA4D9}.Release|ARM.ActiveCfg = Release|ARM
		{CDA6F1FB-D100-4F0D-B282-8949155AA4D9}.Release|ARM.Build.0 = Release|ARM
		{CDA6F1FB-D100-4F0D-B282-8949155AA4D9}.Release|ARM.Deploy.0 = Release|ARM
		{CDA6F1FB-D100-4F0D-B282-8949155AA4D9}.Release|x64.ActiveCfg = Release|x64
		{CDA6F1FB-D100-4F0D-B282-8949155AA4D9}.Release|x64.Build.0 = Release|x64
		{CDA6F1FB-D100-4F0D-B282-8949155AA4D9}.Release|x64.Deploy.0 = Release|x64
		{CDA6F1FB-D100-4F0D-B282-8949155AA4D9}.Release|x86.ActiveCfg = Release|x86
		{CDA6F1FB-D100-4F0D-B282-8949155AA4D9}.Release|x86.Build.0 = Release|x86
		{CDA6F1FB-D100-4F0D-B282-8949155AA4D9}.Release|x86.Deploy.0 = Release|x86
	EndGlobalSection
	GlobalSection(SolutionProperties) = preSolution
		HideSolutionNode = FALSE
	EndGlobalSection
EndGlobal
